
Microsoft Visual Studio Solution File, Format Version 12.00
# Visual Studio Version 17
VisualStudioVersion = 17.2.32317.152
MinimumVisualStudioVersion = 10.0.40219.1
Project("{FAE04EC0-301F-11D3-BF4B-00C04F79EFBC}") = "CurseforgeManifestsGenerator", "CurseforgeManifestsGenerator\CurseforgeManifestsGenerator.csproj", "{7189B38E-CF21-412C-83C2-189A6D6F7367}"
EndProject
Global
	GlobalSection(SolutionConfigurationPlatforms) = preSolution
		Debug|Any CPU = Debug|Any CPU
		Release|Any CPU = Release|Any CPU
	EndGlobalSection
	GlobalSection(ProjectConfigurationPlatforms) = postSolution
		{7189B38E-CF21-412C-83C2-189A6D6F7367}.Debug|Any CPU.ActiveCfg = Debug|Any CPU
		{7189B38E-CF21-412C-83C2-189A6D6F7367}.Debug|Any CPU.Build.0 = Debug|Any CPU
		{7189B38E-CF21-412C-83C2-189A6D6F7367}.Release|Any CPU.ActiveCfg = Release|Any CPU
		{7189B38E-CF21-412C-83C2-189A6D6F7367}.Release|Any CPU.Build.0 = Release|Any CPU
	EndGlobalSection
	GlobalSection(SolutionProperties) = preSolution
		HideSolutionNode = FALSE
	EndGlobalSection
	GlobalSection(ExtensibilityGlobals) = postSolution
		SolutionGuid = {4321230F-5788-4FB4-B9CD-4B469C64CDD2}
	EndGlobalSection
EndGlobal
